
Microsoft Visual Studio Solution File, Format Version 12.00
# Visual Studio Version 17
VisualStudioVersion = 17.8.34316.72
MinimumVisualStudioVersion = 10.0.40219.1
Project("{FAE04EC0-301F-11D3-BF4B-00C04F79EFBC}") = "WindowsFormsApp3-4", "WindowsFormsApp3-4.csproj", "{CEA76A4A-228A-416B-891F-238A0E6DDDF4}"
EndProject
Global
	GlobalSection(SolutionConfigurationPlatforms) = preSolution
		Debug|Any CPU = Debug|Any CPU
		Release|Any CPU = Release|Any CPU
	EndGlobalSection
	GlobalSection(ProjectConfigurationPlatforms) = postSolution
		{CEA76A4A-228A-416B-891F-238A0E6DDDF4}.Debug|Any CPU.ActiveCfg = Debug|Any CPU
		{CEA76A4A-228A-416B-891F-238A0E6DDDF4}.Debug|Any CPU.Build.0 = Debug|Any CPU
		{CEA76A4A-228A-416B-891F-238A0E6DDDF4}.Release|Any CPU.ActiveCfg = Release|Any CPU
		{CEA76A4A-228A-416B-891F-238A0E6DDDF4}.Release|Any CPU.Build.0 = Release|Any CPU
	EndGlobalSection
	GlobalSection(SolutionProperties) = preSolution
		HideSolutionNode = FALSE
	EndGlobalSection
	GlobalSection(ExtensibilityGlobals) = postSolution
		SolutionGuid = {22A2CDD7-6040-46CD-8A27-A5F0FF0283CC}
	EndGlobalSection
EndGlobal
